
Microsoft Visual Studio Solution File, Format Version 12.00
# Visual Studio Version 16
VisualStudioVersion = 16.0.31410.357
MinimumVisualStudioVersion = 10.0.40219.1
Project("{FAE04EC0-301F-11D3-BF4B-00C04F79EFBC}") = "NUnitTestingPrograms", "NUnitTestingProgram\NUnitTestingPrograms.csproj", "{B0861547-E42F-4270-9CDE-55D8D4CDB2EB}"
EndProject
Global
	GlobalSection(SolutionConfigurationPlatforms) = preSolution
		Debug|Any CPU = Debug|Any CPU
		Release|Any CPU = Release|Any CPU
	EndGlobalSection
	GlobalSection(ProjectConfigurationPlatforms) = postSolution
		{B0861547-E42F-4270-9CDE-55D8D4CDB2EB}.Debug|Any CPU.ActiveCfg = Debug|Any CPU
		{B0861547-E42F-4270-9CDE-55D8D4CDB2EB}.Debug|Any CPU.Build.0 = Debug|Any CPU
		{B0861547-E42F-4270-9CDE-55D8D4CDB2EB}.Release|Any CPU.ActiveCfg = Release|Any CPU
		{B0861547-E42F-4270-9CDE-55D8D4CDB2EB}.Release|Any CPU.Build.0 = Release|Any CPU
	EndGlobalSection
	GlobalSection(SolutionProperties) = preSolution
		HideSolutionNode = FALSE
	EndGlobalSection
	GlobalSection(ExtensibilityGlobals) = postSolution
		SolutionGuid = {781F68ED-0D77-4226-89E8-71E716BAE927}
	EndGlobalSection
EndGlobal
